
Microsoft Visual Studio Solution File, Format Version 12.00
# Visual Studio Version 17
VisualStudioVersion = 17.10.35122.118
MinimumVisualStudioVersion = 10.0.40219.1
Project("{FAE04EC0-301F-11D3-BF4B-00C04F79EFBC}") = "Tarea1_Bases1", "Tarea1_Bases1\Tarea1_Bases1.csproj", "{09EE07A5-025B-4ABA-A0E1-F656123BEB7C}"
EndProject
Global
	GlobalSection(SolutionConfigurationPlatforms) = preSolution
		Debug|Any CPU = Debug|Any CPU
		Release|Any CPU = Release|Any CPU
	EndGlobalSection
	GlobalSection(ProjectConfigurationPlatforms) = postSolution
		{09EE07A5-025B-4ABA-A0E1-F656123BEB7C}.Debug|Any CPU.ActiveCfg = Debug|Any CPU
		{09EE07A5-025B-4ABA-A0E1-F656123BEB7C}.Debug|Any CPU.Build.0 = Debug|Any CPU
		{09EE07A5-025B-4ABA-A0E1-F656123BEB7C}.Release|Any CPU.ActiveCfg = Release|Any CPU
		{09EE07A5-025B-4ABA-A0E1-F656123BEB7C}.Release|Any CPU.Build.0 = Release|Any CPU
	EndGlobalSection
	GlobalSection(SolutionProperties) = preSolution
		HideSolutionNode = FALSE
	EndGlobalSection
	GlobalSection(ExtensibilityGlobals) = postSolution
		SolutionGuid = {DD8BD97C-EF28-49C6-8887-49E2561E5272}
	EndGlobalSection
EndGlobal
